
Microsoft Visual Studio Solution File, Format Version 12.00
# Visual Studio Version 18
VisualStudioVersion = 18.4.11620.152 stable
MinimumVisualStudioVersion = 10.0.40219.1
Project("{FAE04EC0-301F-11D3-BF4B-00C04F79EFBC}") = "TechnicalProject", "TechnicalProject.csproj", "{157C7500-187C-2855-FCA5-0EC8DF9EA06A}"
EndProject
Global
	GlobalSection(SolutionConfigurationPlatforms) = preSolution
		Debug|Any CPU = Debug|Any CPU
		Release|Any CPU = Release|Any CPU
	EndGlobalSection
	GlobalSection(ProjectConfigurationPlatforms) = postSolution
		{157C7500-187C-2855-FCA5-0EC8DF9EA06A}.Debug|Any CPU.ActiveCfg = Debug|Any CPU
		{157C7500-187C-2855-FCA5-0EC8DF9EA06A}.Debug|Any CPU.Build.0 = Debug|Any CPU
		{157C7500-187C-2855-FCA5-0EC8DF9EA06A}.Release|Any CPU.ActiveCfg = Release|Any CPU
		{157C7500-187C-2855-FCA5-0EC8DF9EA06A}.Release|Any CPU.Build.0 = Release|Any CPU
	EndGlobalSection
	GlobalSection(SolutionProperties) = preSolution
		HideSolutionNode = FALSE
	EndGlobalSection
	GlobalSection(ExtensibilityGlobals) = postSolution
		SolutionGuid = {CD5A4620-3FF4-4A72-B54B-45CA9D27B076}
	EndGlobalSection
EndGlobal
